
Microsoft Visual Studio Solution File, Format Version 12.00
# Visual Studio Version 16
VisualStudioVersion = 16.0.29806.167
MinimumVisualStudioVersion = 10.0.40219.1
Project("{FAE04EC0-301F-11D3-BF4B-00C04F79EFBC}") = "ToolkitUtils", "Source\ToolkitUtils\ToolkitUtils.csproj", "{03518130-CE79-47FD-9273-36B2C61CD05C}"
EndProject
Global
	GlobalSection(SolutionConfigurationPlatforms) = preSolution
		1.2 release|Any CPU = 1.2 release|Any CPU
		1.2 debug|Any CPU = 1.2 debug|Any CPU
	EndGlobalSection
	GlobalSection(ProjectConfigurationPlatforms) = postSolution
		{03518130-CE79-47FD-9273-36B2C61CD05C}.1.2 release|Any CPU.ActiveCfg = 1.2 release|Any CPU
		{03518130-CE79-47FD-9273-36B2C61CD05C}.1.2 release|Any CPU.Build.0 = 1.2 release|Any CPU
		{03518130-CE79-47FD-9273-36B2C61CD05C}.1.2 debug|Any CPU.ActiveCfg = 1.2 debug|Any CPU
		{03518130-CE79-47FD-9273-36B2C61CD05C}.1.2 debug|Any CPU.Build.0 = 1.2 debug|Any CPU
	EndGlobalSection
	GlobalSection(SolutionProperties) = preSolution
		HideSolutionNode = FALSE
	EndGlobalSection
	GlobalSection(ExtensibilityGlobals) = postSolution
		SolutionGuid = {AD41FE2C-7849-4C1F-ACEA-CFF2B1F4692E}
	EndGlobalSection
EndGlobal
