
Microsoft Visual Studio Solution File, Format Version 12.00
# Visual Studio Version 16
VisualStudioVersion = 16.0.29806.167
MinimumVisualStudioVersion = 10.0.40219.1
Project("{FAE04EC0-301F-11D3-BF4B-00C04F79EFBC}") = "ToolkitUtils", "Source\ToolkitUtils\ToolkitUtils.csproj", "{03518130-CE79-47FD-9273-36B2C61CD05C}"
EndProject
Project("{FAE04EC0-301F-11D3-BF4B-00C04F79EFBC}") = "ToolkitUtils.TMagic", "Source\ToolkitUtils.TMagic\ToolkitUtils.TMagic.csproj", "{D0B7C9CD-F49D-413D-8EDC-32989742F3C3}"
EndProject
Project("{FAE04EC0-301F-11D3-BF4B-00C04F79EFBC}") = "ToolkitUtils.Ideology", "Source\ToolkitUtils.Ideology\ToolkitUtils.Ideology.csproj", "{54AAFC16-188A-44A2-AB87-601270F69D1C}"
EndProject
Project("{FAE04EC0-301F-11D3-BF4B-00C04F79EFBC}") = "ToolkitUtils.HAR", "Source\ToolkitUtils.HAR\ToolkitUtils.HAR.csproj", "{737FFF7C-F038-4BAF-B6D4-AED03E1AB9B6}"
EndProject
Project("{2150E333-8FDC-42A3-9474-1A3956D46DE8}") = "Resources", "Resources", "{036FB87D-EE39-4A85-AA67-001B54377E00}"
	ProjectSection(SolutionItems) = preProject
		Directory.Build.targets = Directory.Build.targets
		Directory.Build.props = Directory.Build.props
	EndProjectSection
EndProject
Global
	GlobalSection(SolutionConfigurationPlatforms) = preSolution
		Debug|Any CPU = Debug|Any CPU
		Release|Any CPU = Release|Any CPU
	EndGlobalSection
	GlobalSection(ProjectConfigurationPlatforms) = postSolution
		{03518130-CE79-47FD-9273-36B2C61CD05C}.Debug|Any CPU.ActiveCfg = Debug|Any CPU
		{03518130-CE79-47FD-9273-36B2C61CD05C}.Debug|Any CPU.Build.0 = Debug|Any CPU
		{03518130-CE79-47FD-9273-36B2C61CD05C}.Release|Any CPU.ActiveCfg = Release|Any CPU
		{03518130-CE79-47FD-9273-36B2C61CD05C}.Release|Any CPU.Build.0 = Release|Any CPU
		{737FFF7C-F038-4BAF-B6D4-AED03E1AB9B6}.Debug|Any CPU.ActiveCfg = Debug|Any CPU
		{737FFF7C-F038-4BAF-B6D4-AED03E1AB9B6}.Debug|Any CPU.Build.0 = Debug|Any CPU
		{737FFF7C-F038-4BAF-B6D4-AED03E1AB9B6}.Release|Any CPU.ActiveCfg = Release|Any CPU
		{737FFF7C-F038-4BAF-B6D4-AED03E1AB9B6}.Release|Any CPU.Build.0 = Release|Any CPU
		{54AAFC16-188A-44A2-AB87-601270F69D1C}.Debug|Any CPU.ActiveCfg = Debug|Any CPU
		{54AAFC16-188A-44A2-AB87-601270F69D1C}.Debug|Any CPU.Build.0 = Debug|Any CPU
		{54AAFC16-188A-44A2-AB87-601270F69D1C}.Release|Any CPU.ActiveCfg = Release|Any CPU
		{54AAFC16-188A-44A2-AB87-601270F69D1C}.Release|Any CPU.Build.0 = Release|Any CPU
		{D0B7C9CD-F49D-413D-8EDC-32989742F3C3}.Debug|Any CPU.ActiveCfg = Debug|Any CPU
		{D0B7C9CD-F49D-413D-8EDC-32989742F3C3}.Debug|Any CPU.Build.0 = Debug|Any CPU
		{D0B7C9CD-F49D-413D-8EDC-32989742F3C3}.Release|Any CPU.ActiveCfg = Release|Any CPU
		{D0B7C9CD-F49D-413D-8EDC-32989742F3C3}.Release|Any CPU.Build.0 = Release|Any CPU
	EndGlobalSection
	GlobalSection(SolutionProperties) = preSolution
		HideSolutionNode = FALSE
	EndGlobalSection
	GlobalSection(ExtensibilityGlobals) = postSolution
		SolutionGuid = {AD41FE2C-7849-4C1F-ACEA-CFF2B1F4692E}
	EndGlobalSection
EndGlobal
